
Microsoft Visual Studio Solution File, Format Version 12.00
# Visual Studio Version 17
VisualStudioVersion = 17.12.35527.113
MinimumVisualStudioVersion = 10.0.40219.1
Project("{FAE04EC0-301F-11D3-BF4B-00C04F79EFBC}") = "Fixes", "Fixes\Fixes.csproj", "{D4E87290-C938-4C36-B292-E4EF1182B754}"
EndProject
Project("{FAE04EC0-301F-11D3-BF4B-00C04F79EFBC}") = "Tweaks", "Tweaks\Tweaks.csproj", "{7BA4FA81-18B7-4289-BFF1-DA62341AA0D2}"
EndProject
Project("{2150E333-8FDC-42A3-9474-1A3956D46DE8}") = "Docs", "Docs", "{F4BF2276-F474-472D-BDFF-1E386A76462F}"
	ProjectSection(SolutionItems) = preProject
		Docs\Features to Test.txt = Docs\Features to Test.txt
		Docs\Ideas.txt = Docs\Ideas.txt
		Docs\New Features.md = Docs\New Features.md
		Docs\New Fixes.md = Docs\New Fixes.md
		Docs\New Tweaks.md = Docs\New Tweaks.md
		Docs\README.md = Docs\README.md
		Docs\Recommended Additional Fixes.md = Docs\Recommended Additional Fixes.md
		Docs\T&F Fixes Progress.md = Docs\T&F Fixes Progress.md
		Docs\T&F Tweaks Progress.md = Docs\T&F Tweaks Progress.md
	EndProjectSection
EndProject
Project("{FAE04EC0-301F-11D3-BF4B-00C04F79EFBC}") = "Camera Zoom", "Camera Zoom\Camera Zoom.csproj", "{7F1F7910-8E99-48E1-88F7-8F768983CC3A}"
EndProject
Project("{FAE04EC0-301F-11D3-BF4B-00C04F79EFBC}") = "Custom Sunbeam Countdown", "Custom Sunbeam Countdown\Custom Sunbeam Countdown.csproj", "{4EE2ED78-A7A9-4085-A7C9-032C6960984E}"
EndProject
Project("{FAE04EC0-301F-11D3-BF4B-00C04F79EFBC}") = "Rotatable Ladders", "Rotatable Ladders\Rotatable Ladders.csproj", "{091DFAA9-51A9-426D-A3D0-FF6E5E5D52A8}"
EndProject
Project("{FAE04EC0-301F-11D3-BF4B-00C04F79EFBC}") = "Seamoth Barrel Roll", "Seamoth Barrel Roll\Seamoth Barrel Roll.csproj", "{63621229-EBA6-4308-8B35-BB52D73537C5}"
EndProject
Project("{2150E333-8FDC-42A3-9474-1A3956D46DE8}") = "Testing", "Testing", "{ABCEE064-5777-4DCE-99FC-8C3A8F25E0ED}"
	ProjectSection(SolutionItems) = preProject
		Testing\Knife Attacks Debug.cs = Testing\Knife Attacks Debug.cs
	EndProjectSection
EndProject
Global
	GlobalSection(SolutionConfigurationPlatforms) = preSolution
		Debug|Any CPU = Debug|Any CPU
		Release|Any CPU = Release|Any CPU
	EndGlobalSection
	GlobalSection(ProjectConfigurationPlatforms) = postSolution
		{D4E87290-C938-4C36-B292-E4EF1182B754}.Debug|Any CPU.ActiveCfg = Debug|Any CPU
		{D4E87290-C938-4C36-B292-E4EF1182B754}.Debug|Any CPU.Build.0 = Debug|Any CPU
		{D4E87290-C938-4C36-B292-E4EF1182B754}.Release|Any CPU.ActiveCfg = Release|Any CPU
		{D4E87290-C938-4C36-B292-E4EF1182B754}.Release|Any CPU.Build.0 = Release|Any CPU
		{7BA4FA81-18B7-4289-BFF1-DA62341AA0D2}.Debug|Any CPU.ActiveCfg = Debug|Any CPU
		{7BA4FA81-18B7-4289-BFF1-DA62341AA0D2}.Debug|Any CPU.Build.0 = Debug|Any CPU
		{7BA4FA81-18B7-4289-BFF1-DA62341AA0D2}.Release|Any CPU.ActiveCfg = Release|Any CPU
		{7BA4FA81-18B7-4289-BFF1-DA62341AA0D2}.Release|Any CPU.Build.0 = Release|Any CPU
		{7F1F7910-8E99-48E1-88F7-8F768983CC3A}.Debug|Any CPU.ActiveCfg = Debug|Any CPU
		{7F1F7910-8E99-48E1-88F7-8F768983CC3A}.Debug|Any CPU.Build.0 = Debug|Any CPU
		{7F1F7910-8E99-48E1-88F7-8F768983CC3A}.Release|Any CPU.ActiveCfg = Release|Any CPU
		{7F1F7910-8E99-48E1-88F7-8F768983CC3A}.Release|Any CPU.Build.0 = Release|Any CPU
		{4EE2ED78-A7A9-4085-A7C9-032C6960984E}.Debug|Any CPU.ActiveCfg = Debug|Any CPU
		{4EE2ED78-A7A9-4085-A7C9-032C6960984E}.Debug|Any CPU.Build.0 = Debug|Any CPU
		{4EE2ED78-A7A9-4085-A7C9-032C6960984E}.Release|Any CPU.ActiveCfg = Release|Any CPU
		{4EE2ED78-A7A9-4085-A7C9-032C6960984E}.Release|Any CPU.Build.0 = Release|Any CPU
		{091DFAA9-51A9-426D-A3D0-FF6E5E5D52A8}.Debug|Any CPU.ActiveCfg = Debug|Any CPU
		{091DFAA9-51A9-426D-A3D0-FF6E5E5D52A8}.Debug|Any CPU.Build.0 = Debug|Any CPU
		{091DFAA9-51A9-426D-A3D0-FF6E5E5D52A8}.Release|Any CPU.ActiveCfg = Release|Any CPU
		{091DFAA9-51A9-426D-A3D0-FF6E5E5D52A8}.Release|Any CPU.Build.0 = Release|Any CPU
		{63621229-EBA6-4308-8B35-BB52D73537C5}.Debug|Any CPU.ActiveCfg = Debug|Any CPU
		{63621229-EBA6-4308-8B35-BB52D73537C5}.Debug|Any CPU.Build.0 = Debug|Any CPU
		{63621229-EBA6-4308-8B35-BB52D73537C5}.Release|Any CPU.ActiveCfg = Release|Any CPU
		{63621229-EBA6-4308-8B35-BB52D73537C5}.Release|Any CPU.Build.0 = Release|Any CPU
	EndGlobalSection
	GlobalSection(SolutionProperties) = preSolution
		HideSolutionNode = FALSE
	EndGlobalSection
EndGlobal
