
Microsoft Visual Studio Solution File, Format Version 12.00
# Visual Studio Version 17
VisualStudioVersion = 17.12.35527.113
MinimumVisualStudioVersion = 10.0.40219.1
Project("{2150E333-8FDC-42A3-9474-1A3956D46DE8}") = "T&F Rework", "T&F Rework", "{B034D182-C267-4B25-BF22-B247104559AB}"
EndProject
Project("{FAE04EC0-301F-11D3-BF4B-00C04F79EFBC}") = "Fixes", "T&F Rework\Fixes\Fixes.csproj", "{BEBD6924-BA33-4038-8C66-D59D05AD4EFB}"
EndProject
Project("{FAE04EC0-301F-11D3-BF4B-00C04F79EFBC}") = "Tweaks", "T&F Rework\Tweaks\Tweaks.csproj", "{EFF1C5FC-4B8A-45D0-88B6-DB8DDC79DE47}"
EndProject
Project("{2150E333-8FDC-42A3-9474-1A3956D46DE8}") = "Docs", "Docs", "{068F1835-EF2E-488E-9705-EEE11C114F56}"
	ProjectSection(SolutionItems) = preProject
		T&F Rework\Docs\New Fixes.md = T&F Rework\Docs\New Fixes.md
		T&F Rework\Docs\New Tweaks.md = T&F Rework\Docs\New Tweaks.md
		T&F Rework\Docs\T&F Fixes.md = T&F Rework\Docs\T&F Fixes.md
		T&F Rework\Docs\T&F Tweaks.md = T&F Rework\Docs\T&F Tweaks.md
	EndProjectSection
EndProject
Project("{2150E333-8FDC-42A3-9474-1A3956D46DE8}") = "New Mods", "New Mods", "{36E2ADDC-F21A-4F50-8C65-996E182C459A}"
EndProject
Project("{FAE04EC0-301F-11D3-BF4B-00C04F79EFBC}") = "Cockpit Free Look", "New Mods\Cockpit Free Look\Cockpit Free Look.csproj", "{E7D26CF1-C354-42DF-B91C-BBE4B12D9238}"
EndProject
Project("{FAE04EC0-301F-11D3-BF4B-00C04F79EFBC}") = "Custom Sunbeam Countdown", "New Mods\Custom Sunbeam Countdown\Custom Sunbeam Countdown.csproj", "{723793C4-D957-4B54-8A82-906665AD4B75}"
EndProject
Project("{FAE04EC0-301F-11D3-BF4B-00C04F79EFBC}") = "PDA Movement and Bobbing", "New Mods\PDA Movement and Bobbing\PDA Movement and Bobbing.csproj", "{E72EFAAC-4050-4DF1-9D52-67E65773A25E}"
EndProject
Project("{FAE04EC0-301F-11D3-BF4B-00C04F79EFBC}") = "Rotatable Ladders", "New Mods\Rotatable Ladders\Rotatable Ladders.csproj", "{F87F6813-9BCC-4985-9339-126C80E37306}"
EndProject
Project("{FAE04EC0-301F-11D3-BF4B-00C04F79EFBC}") = "Seamoth Barrel Roll", "New Mods\Seamoth Barrel Roll\Seamoth Barrel Roll.csproj", "{E6D1A235-D6A3-4667-9A1E-01B325CEFC83}"
EndProject
Project("{FAE04EC0-301F-11D3-BF4B-00C04F79EFBC}") = "Camera Zoom", "New Mods\Camera Zoom\Camera Zoom.csproj", "{1D15D793-18EA-463B-917D-BEB69097ADB1}"
EndProject
Project("{FAE04EC0-301F-11D3-BF4B-00C04F79EFBC}") = "Moonpool Rotation", "New Mods\Moonpool Rotation\Moonpool Rotation.csproj", "{E55E8C0C-F7DB-454F-87FB-3C3ACA9658CB}"
EndProject
Project("{FAE04EC0-301F-11D3-BF4B-00C04F79EFBC}") = "Better Scanner Blips Remake", "New Mods\Better Scanner Blips Remake\Better Scanner Blips Remake.csproj", "{67395A47-95E1-1B4C-B411-54EF34C28736}"
EndProject
Project("{2150E333-8FDC-42A3-9474-1A3956D46DE8}") = "Rewrites", "Rewrites", "{02EA681E-C7D8-13C7-8484-4AC65E1B71E8}"
EndProject
Project("{FAE04EC0-301F-11D3-BF4B-00C04F79EFBC}") = "Console Autocompletion", "Rewrites\Console Autocompletion\Console Autocompletion.csproj", "{8C585FB7-FBC0-E1A5-1E05-B013E5F44C28}"
EndProject
Project("{FAE04EC0-301F-11D3-BF4B-00C04F79EFBC}") = "Anisotropic Fix", "Rewrites\Anisotropic Fix\Anisotropic Fix.csproj", "{2ABC4F86-39A7-A94C-E6DF-733C075B2800}"
EndProject
Project("{FAE04EC0-301F-11D3-BF4B-00C04F79EFBC}") = "Abandon Ship During Cyclops Fire", "Rewrites\Abandon Ship During Cyclops Fire\Abandon Ship During Cyclops Fire.csproj", "{4D0F560A-B860-7AA5-CDDC-91140DA24447}"
EndProject
Project("{FAE04EC0-301F-11D3-BF4B-00C04F79EFBC}") = "Custom Goto Locations", "New Mods\Custom Goto Locations\Custom Goto Locations.csproj", "{F9FF1A34-EA7A-3D3A-DF60-D4471BE5BFBD}"
EndProject
Project("{FAE04EC0-301F-11D3-BF4B-00C04F79EFBC}") = "Custom Hotkeys Remake", "New Mods\Custom Hotkeys Remake\Custom Hotkeys Remake.csproj", "{752E7E29-0029-5114-D57C-500D67757260}"
EndProject
Project("{FAE04EC0-301F-11D3-BF4B-00C04F79EFBC}") = "Cuddlefish Renamer", "New Mods\Cuddlefish Renamer\Cuddlefish Renamer.csproj", "{EB48D98C-EC21-FE2F-7E11-A78505D71074}"
EndProject
Project("{FAE04EC0-301F-11D3-BF4B-00C04F79EFBC}") = "Creature Healthbars", "New Mods\Creature Healthbars\Creature Healthbars.csproj", "{8A05687C-BAD6-85B9-97CD-2AA7855E3451}"
EndProject
Project("{FAE04EC0-301F-11D3-BF4B-00C04F79EFBC}") = "Container Utilities", "New Mods\Container Utilities\Container Utilities.csproj", "{FBE22281-EDAA-02BC-A762-9256879B7F53}"
EndProject
Project("{FAE04EC0-301F-11D3-BF4B-00C04F79EFBC}") = "Drillable Scan Remake", "New Mods\Drillable Scan Remake\Drillable Scan Remake.csproj", "{1285A8A7-B556-5D6D-C2C7-7AA3E2F6313B}"
EndProject
Project("{FAE04EC0-301F-11D3-BF4B-00C04F79EFBC}") = "ModSync", "New Mods\ModSync\ModSync.csproj", "{D2500ECD-015D-518C-D051-97938B60C0CD}"
EndProject
Global
	GlobalSection(SolutionConfigurationPlatforms) = preSolution
		Debug|Any CPU = Debug|Any CPU
		Release|Any CPU = Release|Any CPU
	EndGlobalSection
	GlobalSection(ProjectConfigurationPlatforms) = postSolution
		{BEBD6924-BA33-4038-8C66-D59D05AD4EFB}.Debug|Any CPU.ActiveCfg = Debug|Any CPU
		{BEBD6924-BA33-4038-8C66-D59D05AD4EFB}.Debug|Any CPU.Build.0 = Debug|Any CPU
		{BEBD6924-BA33-4038-8C66-D59D05AD4EFB}.Release|Any CPU.ActiveCfg = Release|Any CPU
		{BEBD6924-BA33-4038-8C66-D59D05AD4EFB}.Release|Any CPU.Build.0 = Release|Any CPU
		{EFF1C5FC-4B8A-45D0-88B6-DB8DDC79DE47}.Debug|Any CPU.ActiveCfg = Debug|Any CPU
		{EFF1C5FC-4B8A-45D0-88B6-DB8DDC79DE47}.Debug|Any CPU.Build.0 = Debug|Any CPU
		{EFF1C5FC-4B8A-45D0-88B6-DB8DDC79DE47}.Release|Any CPU.ActiveCfg = Release|Any CPU
		{EFF1C5FC-4B8A-45D0-88B6-DB8DDC79DE47}.Release|Any CPU.Build.0 = Release|Any CPU
		{E7D26CF1-C354-42DF-B91C-BBE4B12D9238}.Debug|Any CPU.ActiveCfg = Debug|Any CPU
		{E7D26CF1-C354-42DF-B91C-BBE4B12D9238}.Debug|Any CPU.Build.0 = Debug|Any CPU
		{E7D26CF1-C354-42DF-B91C-BBE4B12D9238}.Release|Any CPU.ActiveCfg = Release|Any CPU
		{E7D26CF1-C354-42DF-B91C-BBE4B12D9238}.Release|Any CPU.Build.0 = Release|Any CPU
		{723793C4-D957-4B54-8A82-906665AD4B75}.Debug|Any CPU.ActiveCfg = Debug|Any CPU
		{723793C4-D957-4B54-8A82-906665AD4B75}.Debug|Any CPU.Build.0 = Debug|Any CPU
		{723793C4-D957-4B54-8A82-906665AD4B75}.Release|Any CPU.ActiveCfg = Release|Any CPU
		{723793C4-D957-4B54-8A82-906665AD4B75}.Release|Any CPU.Build.0 = Release|Any CPU
		{E72EFAAC-4050-4DF1-9D52-67E65773A25E}.Debug|Any CPU.ActiveCfg = Debug|Any CPU
		{E72EFAAC-4050-4DF1-9D52-67E65773A25E}.Debug|Any CPU.Build.0 = Debug|Any CPU
		{E72EFAAC-4050-4DF1-9D52-67E65773A25E}.Release|Any CPU.ActiveCfg = Release|Any CPU
		{E72EFAAC-4050-4DF1-9D52-67E65773A25E}.Release|Any CPU.Build.0 = Release|Any CPU
		{F87F6813-9BCC-4985-9339-126C80E37306}.Debug|Any CPU.ActiveCfg = Debug|Any CPU
		{F87F6813-9BCC-4985-9339-126C80E37306}.Debug|Any CPU.Build.0 = Debug|Any CPU
		{F87F6813-9BCC-4985-9339-126C80E37306}.Release|Any CPU.ActiveCfg = Release|Any CPU
		{F87F6813-9BCC-4985-9339-126C80E37306}.Release|Any CPU.Build.0 = Release|Any CPU
		{E6D1A235-D6A3-4667-9A1E-01B325CEFC83}.Debug|Any CPU.ActiveCfg = Debug|Any CPU
		{E6D1A235-D6A3-4667-9A1E-01B325CEFC83}.Debug|Any CPU.Build.0 = Debug|Any CPU
		{E6D1A235-D6A3-4667-9A1E-01B325CEFC83}.Release|Any CPU.ActiveCfg = Release|Any CPU
		{E6D1A235-D6A3-4667-9A1E-01B325CEFC83}.Release|Any CPU.Build.0 = Release|Any CPU
		{1D15D793-18EA-463B-917D-BEB69097ADB1}.Debug|Any CPU.ActiveCfg = Debug|Any CPU
		{1D15D793-18EA-463B-917D-BEB69097ADB1}.Debug|Any CPU.Build.0 = Debug|Any CPU
		{1D15D793-18EA-463B-917D-BEB69097ADB1}.Release|Any CPU.ActiveCfg = Release|Any CPU
		{1D15D793-18EA-463B-917D-BEB69097ADB1}.Release|Any CPU.Build.0 = Release|Any CPU
		{E55E8C0C-F7DB-454F-87FB-3C3ACA9658CB}.Debug|Any CPU.ActiveCfg = Debug|Any CPU
		{E55E8C0C-F7DB-454F-87FB-3C3ACA9658CB}.Debug|Any CPU.Build.0 = Debug|Any CPU
		{E55E8C0C-F7DB-454F-87FB-3C3ACA9658CB}.Release|Any CPU.ActiveCfg = Release|Any CPU
		{E55E8C0C-F7DB-454F-87FB-3C3ACA9658CB}.Release|Any CPU.Build.0 = Release|Any CPU
		{67395A47-95E1-1B4C-B411-54EF34C28736}.Debug|Any CPU.ActiveCfg = Debug|Any CPU
		{67395A47-95E1-1B4C-B411-54EF34C28736}.Debug|Any CPU.Build.0 = Debug|Any CPU
		{67395A47-95E1-1B4C-B411-54EF34C28736}.Release|Any CPU.ActiveCfg = Release|Any CPU
		{67395A47-95E1-1B4C-B411-54EF34C28736}.Release|Any CPU.Build.0 = Release|Any CPU
		{8C585FB7-FBC0-E1A5-1E05-B013E5F44C28}.Debug|Any CPU.ActiveCfg = Debug|Any CPU
		{8C585FB7-FBC0-E1A5-1E05-B013E5F44C28}.Debug|Any CPU.Build.0 = Debug|Any CPU
		{8C585FB7-FBC0-E1A5-1E05-B013E5F44C28}.Release|Any CPU.ActiveCfg = Release|Any CPU
		{8C585FB7-FBC0-E1A5-1E05-B013E5F44C28}.Release|Any CPU.Build.0 = Release|Any CPU
		{2ABC4F86-39A7-A94C-E6DF-733C075B2800}.Debug|Any CPU.ActiveCfg = Debug|Any CPU
		{2ABC4F86-39A7-A94C-E6DF-733C075B2800}.Debug|Any CPU.Build.0 = Debug|Any CPU
		{2ABC4F86-39A7-A94C-E6DF-733C075B2800}.Release|Any CPU.ActiveCfg = Release|Any CPU
		{2ABC4F86-39A7-A94C-E6DF-733C075B2800}.Release|Any CPU.Build.0 = Release|Any CPU
		{4D0F560A-B860-7AA5-CDDC-91140DA24447}.Debug|Any CPU.ActiveCfg = Debug|Any CPU
		{4D0F560A-B860-7AA5-CDDC-91140DA24447}.Debug|Any CPU.Build.0 = Debug|Any CPU
		{4D0F560A-B860-7AA5-CDDC-91140DA24447}.Release|Any CPU.ActiveCfg = Release|Any CPU
		{4D0F560A-B860-7AA5-CDDC-91140DA24447}.Release|Any CPU.Build.0 = Release|Any CPU
		{F9FF1A34-EA7A-3D3A-DF60-D4471BE5BFBD}.Debug|Any CPU.ActiveCfg = Debug|Any CPU
		{F9FF1A34-EA7A-3D3A-DF60-D4471BE5BFBD}.Debug|Any CPU.Build.0 = Debug|Any CPU
		{F9FF1A34-EA7A-3D3A-DF60-D4471BE5BFBD}.Release|Any CPU.ActiveCfg = Release|Any CPU
		{F9FF1A34-EA7A-3D3A-DF60-D4471BE5BFBD}.Release|Any CPU.Build.0 = Release|Any CPU
		{752E7E29-0029-5114-D57C-500D67757260}.Debug|Any CPU.ActiveCfg = Debug|Any CPU
		{752E7E29-0029-5114-D57C-500D67757260}.Debug|Any CPU.Build.0 = Debug|Any CPU
		{752E7E29-0029-5114-D57C-500D67757260}.Release|Any CPU.ActiveCfg = Release|Any CPU
		{752E7E29-0029-5114-D57C-500D67757260}.Release|Any CPU.Build.0 = Release|Any CPU
		{EB48D98C-EC21-FE2F-7E11-A78505D71074}.Debug|Any CPU.ActiveCfg = Debug|Any CPU
		{EB48D98C-EC21-FE2F-7E11-A78505D71074}.Debug|Any CPU.Build.0 = Debug|Any CPU
		{EB48D98C-EC21-FE2F-7E11-A78505D71074}.Release|Any CPU.ActiveCfg = Release|Any CPU
		{EB48D98C-EC21-FE2F-7E11-A78505D71074}.Release|Any CPU.Build.0 = Release|Any CPU
		{8A05687C-BAD6-85B9-97CD-2AA7855E3451}.Debug|Any CPU.ActiveCfg = Debug|Any CPU
		{8A05687C-BAD6-85B9-97CD-2AA7855E3451}.Debug|Any CPU.Build.0 = Debug|Any CPU
		{8A05687C-BAD6-85B9-97CD-2AA7855E3451}.Release|Any CPU.ActiveCfg = Release|Any CPU
		{8A05687C-BAD6-85B9-97CD-2AA7855E3451}.Release|Any CPU.Build.0 = Release|Any CPU
		{FBE22281-EDAA-02BC-A762-9256879B7F53}.Debug|Any CPU.ActiveCfg = Debug|Any CPU
		{FBE22281-EDAA-02BC-A762-9256879B7F53}.Debug|Any CPU.Build.0 = Debug|Any CPU
		{FBE22281-EDAA-02BC-A762-9256879B7F53}.Release|Any CPU.ActiveCfg = Release|Any CPU
		{FBE22281-EDAA-02BC-A762-9256879B7F53}.Release|Any CPU.Build.0 = Release|Any CPU
		{1285A8A7-B556-5D6D-C2C7-7AA3E2F6313B}.Debug|Any CPU.ActiveCfg = Debug|Any CPU
		{1285A8A7-B556-5D6D-C2C7-7AA3E2F6313B}.Debug|Any CPU.Build.0 = Debug|Any CPU
		{1285A8A7-B556-5D6D-C2C7-7AA3E2F6313B}.Release|Any CPU.ActiveCfg = Release|Any CPU
		{1285A8A7-B556-5D6D-C2C7-7AA3E2F6313B}.Release|Any CPU.Build.0 = Release|Any CPU
		{D2500ECD-015D-518C-D051-97938B60C0CD}.Debug|Any CPU.ActiveCfg = Debug|Any CPU
		{D2500ECD-015D-518C-D051-97938B60C0CD}.Debug|Any CPU.Build.0 = Debug|Any CPU
		{D2500ECD-015D-518C-D051-97938B60C0CD}.Release|Any CPU.ActiveCfg = Release|Any CPU
		{D2500ECD-015D-518C-D051-97938B60C0CD}.Release|Any CPU.Build.0 = Release|Any CPU
	EndGlobalSection
	GlobalSection(SolutionProperties) = preSolution
		HideSolutionNode = FALSE
	EndGlobalSection
	GlobalSection(NestedProjects) = preSolution
		{BEBD6924-BA33-4038-8C66-D59D05AD4EFB} = {B034D182-C267-4B25-BF22-B247104559AB}
		{EFF1C5FC-4B8A-45D0-88B6-DB8DDC79DE47} = {B034D182-C267-4B25-BF22-B247104559AB}
		{068F1835-EF2E-488E-9705-EEE11C114F56} = {B034D182-C267-4B25-BF22-B247104559AB}
		{E7D26CF1-C354-42DF-B91C-BBE4B12D9238} = {36E2ADDC-F21A-4F50-8C65-996E182C459A}
		{723793C4-D957-4B54-8A82-906665AD4B75} = {36E2ADDC-F21A-4F50-8C65-996E182C459A}
		{E72EFAAC-4050-4DF1-9D52-67E65773A25E} = {36E2ADDC-F21A-4F50-8C65-996E182C459A}
		{F87F6813-9BCC-4985-9339-126C80E37306} = {36E2ADDC-F21A-4F50-8C65-996E182C459A}
		{E6D1A235-D6A3-4667-9A1E-01B325CEFC83} = {36E2ADDC-F21A-4F50-8C65-996E182C459A}
		{1D15D793-18EA-463B-917D-BEB69097ADB1} = {36E2ADDC-F21A-4F50-8C65-996E182C459A}
		{E55E8C0C-F7DB-454F-87FB-3C3ACA9658CB} = {36E2ADDC-F21A-4F50-8C65-996E182C459A}
		{67395A47-95E1-1B4C-B411-54EF34C28736} = {36E2ADDC-F21A-4F50-8C65-996E182C459A}
		{8C585FB7-FBC0-E1A5-1E05-B013E5F44C28} = {02EA681E-C7D8-13C7-8484-4AC65E1B71E8}
		{2ABC4F86-39A7-A94C-E6DF-733C075B2800} = {02EA681E-C7D8-13C7-8484-4AC65E1B71E8}
		{4D0F560A-B860-7AA5-CDDC-91140DA24447} = {02EA681E-C7D8-13C7-8484-4AC65E1B71E8}
		{F9FF1A34-EA7A-3D3A-DF60-D4471BE5BFBD} = {36E2ADDC-F21A-4F50-8C65-996E182C459A}
		{752E7E29-0029-5114-D57C-500D67757260} = {36E2ADDC-F21A-4F50-8C65-996E182C459A}
		{EB48D98C-EC21-FE2F-7E11-A78505D71074} = {36E2ADDC-F21A-4F50-8C65-996E182C459A}
		{8A05687C-BAD6-85B9-97CD-2AA7855E3451} = {36E2ADDC-F21A-4F50-8C65-996E182C459A}
		{FBE22281-EDAA-02BC-A762-9256879B7F53} = {36E2ADDC-F21A-4F50-8C65-996E182C459A}
		{1285A8A7-B556-5D6D-C2C7-7AA3E2F6313B} = {36E2ADDC-F21A-4F50-8C65-996E182C459A}
		{D2500ECD-015D-518C-D051-97938B60C0CD} = {36E2ADDC-F21A-4F50-8C65-996E182C459A}
	EndGlobalSection
	GlobalSection(ExtensibilityGlobals) = postSolution
		SolutionGuid = {64328EDE-8342-4276-8236-6A9D23D0BEBD}
	EndGlobalSection
EndGlobal
