
Microsoft Visual Studio Solution File, Format Version 12.00
# Visual Studio Version 17
VisualStudioVersion = 17.12.35527.113
MinimumVisualStudioVersion = 10.0.40219.1
Project("{2150E333-8FDC-42A3-9474-1A3956D46DE8}") = "T&F Rework", "T&F Rework", "{B034D182-C267-4B25-BF22-B247104559AB}"
EndProject
Project("{FAE04EC0-301F-11D3-BF4B-00C04F79EFBC}") = "Fixes", "T&F Rework\Fixes\Fixes.csproj", "{BEBD6924-BA33-4038-8C66-D59D05AD4EFB}"
EndProject
Project("{FAE04EC0-301F-11D3-BF4B-00C04F79EFBC}") = "Tweaks", "T&F Rework\Tweaks\Tweaks.csproj", "{EFF1C5FC-4B8A-45D0-88B6-DB8DDC79DE47}"
EndProject
Project("{2150E333-8FDC-42A3-9474-1A3956D46DE8}") = "Docs", "Docs", "{068F1835-EF2E-488E-9705-EEE11C114F56}"
	ProjectSection(SolutionItems) = preProject
		T&F Rework\Docs\New Fixes.md = T&F Rework\Docs\New Fixes.md
		T&F Rework\Docs\New Tweaks.md = T&F Rework\Docs\New Tweaks.md
		T&F Rework\Docs\Recommended Additional Fixes.md = T&F Rework\Docs\Recommended Additional Fixes.md
		T&F Rework\Docs\T&F Fixes Progress.md = T&F Rework\Docs\T&F Fixes Progress.md
		T&F Rework\Docs\T&F Tweaks Progress.md = T&F Rework\Docs\T&F Tweaks Progress.md
	EndProjectSection
EndProject
Project("{2150E333-8FDC-42A3-9474-1A3956D46DE8}") = "Remakes", "Remakes", "{36C33857-57C9-42D3-84FE-7D44EEA332BC}"
EndProject
Project("{FAE04EC0-301F-11D3-BF4B-00C04F79EFBC}") = "Anisotropic Fix", "Remakes\Anisotropic Fix\Anisotropic Fix.csproj", "{A6CE3F2C-DF0B-44EA-A880-A7C7A9616252}"
EndProject
Project("{FAE04EC0-301F-11D3-BF4B-00C04F79EFBC}") = "Dynamic Scanner Blips", "Remakes\Dynamic Scanner Blips\Dynamic Scanner Blips.csproj", "{DD772A09-B3DF-4FE6-9E9B-A207AEFB7B56}"
EndProject
Project("{2150E333-8FDC-42A3-9474-1A3956D46DE8}") = "New Mods", "New Mods", "{36E2ADDC-F21A-4F50-8C65-996E182C459A}"
EndProject
Project("{FAE04EC0-301F-11D3-BF4B-00C04F79EFBC}") = "Cockpit Free Look", "New Mods\Cockpit Free Look\Cockpit Free Look.csproj", "{E7D26CF1-C354-42DF-B91C-BBE4B12D9238}"
EndProject
Project("{FAE04EC0-301F-11D3-BF4B-00C04F79EFBC}") = "Custom Sunbeam Countdown", "New Mods\Custom Sunbeam Countdown\Custom Sunbeam Countdown.csproj", "{723793C4-D957-4B54-8A82-906665AD4B75}"
EndProject
Project("{FAE04EC0-301F-11D3-BF4B-00C04F79EFBC}") = "PDA Movement and Bobbing", "New Mods\PDA Movement and Bobbing\PDA Movement and Bobbing.csproj", "{E72EFAAC-4050-4DF1-9D52-67E65773A25E}"
EndProject
Project("{FAE04EC0-301F-11D3-BF4B-00C04F79EFBC}") = "Rotatable Ladders", "New Mods\Rotatable Ladders\Rotatable Ladders.csproj", "{F87F6813-9BCC-4985-9339-126C80E37306}"
EndProject
Project("{FAE04EC0-301F-11D3-BF4B-00C04F79EFBC}") = "Seamoth Barrel Roll", "New Mods\Seamoth Barrel Roll\Seamoth Barrel Roll.csproj", "{E6D1A235-D6A3-4667-9A1E-01B325CEFC83}"
EndProject
Project("{FAE04EC0-301F-11D3-BF4B-00C04F79EFBC}") = "Camera Zoom", "New Mods\Camera Zoom\Camera Zoom.csproj", "{1D15D793-18EA-463B-917D-BEB69097ADB1}"
EndProject
Project("{FAE04EC0-301F-11D3-BF4B-00C04F79EFBC}") = "Abandon Ship During Cyclops Fire", "Remakes\Abandon Ship During Fire\Abandon Ship During Cyclops Fire.csproj", "{6FD81FFF-C09F-C51B-C9F6-3B50DCADB5D2}"
EndProject
Project("{FAE04EC0-301F-11D3-BF4B-00C04F79EFBC}") = "Console Autocompletion", "Remakes\Console Improved\Console Autocompletion.csproj", "{AE95395E-F8A1-6340-C7FE-2DA438B121E0}"
EndProject
Global
	GlobalSection(SolutionConfigurationPlatforms) = preSolution
		Debug|Any CPU = Debug|Any CPU
		Release|Any CPU = Release|Any CPU
	EndGlobalSection
	GlobalSection(ProjectConfigurationPlatforms) = postSolution
		{BEBD6924-BA33-4038-8C66-D59D05AD4EFB}.Debug|Any CPU.ActiveCfg = Debug|Any CPU
		{BEBD6924-BA33-4038-8C66-D59D05AD4EFB}.Debug|Any CPU.Build.0 = Debug|Any CPU
		{BEBD6924-BA33-4038-8C66-D59D05AD4EFB}.Release|Any CPU.ActiveCfg = Release|Any CPU
		{BEBD6924-BA33-4038-8C66-D59D05AD4EFB}.Release|Any CPU.Build.0 = Release|Any CPU
		{EFF1C5FC-4B8A-45D0-88B6-DB8DDC79DE47}.Debug|Any CPU.ActiveCfg = Debug|Any CPU
		{EFF1C5FC-4B8A-45D0-88B6-DB8DDC79DE47}.Debug|Any CPU.Build.0 = Debug|Any CPU
		{EFF1C5FC-4B8A-45D0-88B6-DB8DDC79DE47}.Release|Any CPU.ActiveCfg = Release|Any CPU
		{EFF1C5FC-4B8A-45D0-88B6-DB8DDC79DE47}.Release|Any CPU.Build.0 = Release|Any CPU
		{A6CE3F2C-DF0B-44EA-A880-A7C7A9616252}.Debug|Any CPU.ActiveCfg = Debug|Any CPU
		{A6CE3F2C-DF0B-44EA-A880-A7C7A9616252}.Debug|Any CPU.Build.0 = Debug|Any CPU
		{A6CE3F2C-DF0B-44EA-A880-A7C7A9616252}.Release|Any CPU.ActiveCfg = Release|Any CPU
		{A6CE3F2C-DF0B-44EA-A880-A7C7A9616252}.Release|Any CPU.Build.0 = Release|Any CPU
		{DD772A09-B3DF-4FE6-9E9B-A207AEFB7B56}.Debug|Any CPU.ActiveCfg = Debug|Any CPU
		{DD772A09-B3DF-4FE6-9E9B-A207AEFB7B56}.Debug|Any CPU.Build.0 = Debug|Any CPU
		{DD772A09-B3DF-4FE6-9E9B-A207AEFB7B56}.Release|Any CPU.ActiveCfg = Release|Any CPU
		{DD772A09-B3DF-4FE6-9E9B-A207AEFB7B56}.Release|Any CPU.Build.0 = Release|Any CPU
		{E7D26CF1-C354-42DF-B91C-BBE4B12D9238}.Debug|Any CPU.ActiveCfg = Debug|Any CPU
		{E7D26CF1-C354-42DF-B91C-BBE4B12D9238}.Debug|Any CPU.Build.0 = Debug|Any CPU
		{E7D26CF1-C354-42DF-B91C-BBE4B12D9238}.Release|Any CPU.ActiveCfg = Release|Any CPU
		{E7D26CF1-C354-42DF-B91C-BBE4B12D9238}.Release|Any CPU.Build.0 = Release|Any CPU
		{723793C4-D957-4B54-8A82-906665AD4B75}.Debug|Any CPU.ActiveCfg = Debug|Any CPU
		{723793C4-D957-4B54-8A82-906665AD4B75}.Debug|Any CPU.Build.0 = Debug|Any CPU
		{723793C4-D957-4B54-8A82-906665AD4B75}.Release|Any CPU.ActiveCfg = Release|Any CPU
		{723793C4-D957-4B54-8A82-906665AD4B75}.Release|Any CPU.Build.0 = Release|Any CPU
		{E72EFAAC-4050-4DF1-9D52-67E65773A25E}.Debug|Any CPU.ActiveCfg = Debug|Any CPU
		{E72EFAAC-4050-4DF1-9D52-67E65773A25E}.Debug|Any CPU.Build.0 = Debug|Any CPU
		{E72EFAAC-4050-4DF1-9D52-67E65773A25E}.Release|Any CPU.ActiveCfg = Release|Any CPU
		{E72EFAAC-4050-4DF1-9D52-67E65773A25E}.Release|Any CPU.Build.0 = Release|Any CPU
		{F87F6813-9BCC-4985-9339-126C80E37306}.Debug|Any CPU.ActiveCfg = Debug|Any CPU
		{F87F6813-9BCC-4985-9339-126C80E37306}.Debug|Any CPU.Build.0 = Debug|Any CPU
		{F87F6813-9BCC-4985-9339-126C80E37306}.Release|Any CPU.ActiveCfg = Release|Any CPU
		{F87F6813-9BCC-4985-9339-126C80E37306}.Release|Any CPU.Build.0 = Release|Any CPU
		{E6D1A235-D6A3-4667-9A1E-01B325CEFC83}.Debug|Any CPU.ActiveCfg = Debug|Any CPU
		{E6D1A235-D6A3-4667-9A1E-01B325CEFC83}.Debug|Any CPU.Build.0 = Debug|Any CPU
		{E6D1A235-D6A3-4667-9A1E-01B325CEFC83}.Release|Any CPU.ActiveCfg = Release|Any CPU
		{E6D1A235-D6A3-4667-9A1E-01B325CEFC83}.Release|Any CPU.Build.0 = Release|Any CPU
		{1D15D793-18EA-463B-917D-BEB69097ADB1}.Debug|Any CPU.ActiveCfg = Debug|Any CPU
		{1D15D793-18EA-463B-917D-BEB69097ADB1}.Debug|Any CPU.Build.0 = Debug|Any CPU
		{1D15D793-18EA-463B-917D-BEB69097ADB1}.Release|Any CPU.ActiveCfg = Release|Any CPU
		{1D15D793-18EA-463B-917D-BEB69097ADB1}.Release|Any CPU.Build.0 = Release|Any CPU
		{6FD81FFF-C09F-C51B-C9F6-3B50DCADB5D2}.Debug|Any CPU.ActiveCfg = Debug|Any CPU
		{6FD81FFF-C09F-C51B-C9F6-3B50DCADB5D2}.Debug|Any CPU.Build.0 = Debug|Any CPU
		{6FD81FFF-C09F-C51B-C9F6-3B50DCADB5D2}.Release|Any CPU.ActiveCfg = Release|Any CPU
		{6FD81FFF-C09F-C51B-C9F6-3B50DCADB5D2}.Release|Any CPU.Build.0 = Release|Any CPU
		{AE95395E-F8A1-6340-C7FE-2DA438B121E0}.Debug|Any CPU.ActiveCfg = Debug|Any CPU
		{AE95395E-F8A1-6340-C7FE-2DA438B121E0}.Debug|Any CPU.Build.0 = Debug|Any CPU
		{AE95395E-F8A1-6340-C7FE-2DA438B121E0}.Release|Any CPU.ActiveCfg = Release|Any CPU
		{AE95395E-F8A1-6340-C7FE-2DA438B121E0}.Release|Any CPU.Build.0 = Release|Any CPU
	EndGlobalSection
	GlobalSection(SolutionProperties) = preSolution
		HideSolutionNode = FALSE
	EndGlobalSection
	GlobalSection(NestedProjects) = preSolution
		{BEBD6924-BA33-4038-8C66-D59D05AD4EFB} = {B034D182-C267-4B25-BF22-B247104559AB}
		{EFF1C5FC-4B8A-45D0-88B6-DB8DDC79DE47} = {B034D182-C267-4B25-BF22-B247104559AB}
		{068F1835-EF2E-488E-9705-EEE11C114F56} = {B034D182-C267-4B25-BF22-B247104559AB}
		{A6CE3F2C-DF0B-44EA-A880-A7C7A9616252} = {36C33857-57C9-42D3-84FE-7D44EEA332BC}
		{DD772A09-B3DF-4FE6-9E9B-A207AEFB7B56} = {36C33857-57C9-42D3-84FE-7D44EEA332BC}
		{E7D26CF1-C354-42DF-B91C-BBE4B12D9238} = {36E2ADDC-F21A-4F50-8C65-996E182C459A}
		{723793C4-D957-4B54-8A82-906665AD4B75} = {36E2ADDC-F21A-4F50-8C65-996E182C459A}
		{E72EFAAC-4050-4DF1-9D52-67E65773A25E} = {36E2ADDC-F21A-4F50-8C65-996E182C459A}
		{F87F6813-9BCC-4985-9339-126C80E37306} = {36E2ADDC-F21A-4F50-8C65-996E182C459A}
		{E6D1A235-D6A3-4667-9A1E-01B325CEFC83} = {36E2ADDC-F21A-4F50-8C65-996E182C459A}
		{1D15D793-18EA-463B-917D-BEB69097ADB1} = {36E2ADDC-F21A-4F50-8C65-996E182C459A}
		{6FD81FFF-C09F-C51B-C9F6-3B50DCADB5D2} = {36C33857-57C9-42D3-84FE-7D44EEA332BC}
		{AE95395E-F8A1-6340-C7FE-2DA438B121E0} = {36C33857-57C9-42D3-84FE-7D44EEA332BC}
	EndGlobalSection
	GlobalSection(ExtensibilityGlobals) = postSolution
		SolutionGuid = {64328EDE-8342-4276-8236-6A9D23D0BEBD}
	EndGlobalSection
EndGlobal
